
Microsoft Visual Studio Solution File, Format Version 12.00
# Visual Studio Version 16
VisualStudioVersion = 16.0.31112.23
MinimumVisualStudioVersion = 10.0.40219.1
Project("{FAE04EC0-301F-11D3-BF4B-00C04F79EFBC}") = "asp.net-tutorial", "asp.net-tutorial.csproj", "{768D74F6-28C7-4FB1-B9FE-03FEF9F2CD0B}"
EndProject
Global
	GlobalSection(SolutionConfigurationPlatforms) = preSolution
		Debug|Any CPU = Debug|Any CPU
		Release|Any CPU = Release|Any CPU
	EndGlobalSection
	GlobalSection(ProjectConfigurationPlatforms) = postSolution
		{768D74F6-28C7-4FB1-B9FE-03FEF9F2CD0B}.Debug|Any CPU.ActiveCfg = Debug|Any CPU
		{768D74F6-28C7-4FB1-B9FE-03FEF9F2CD0B}.Debug|Any CPU.Build.0 = Debug|Any CPU
		{768D74F6-28C7-4FB1-B9FE-03FEF9F2CD0B}.Release|Any CPU.ActiveCfg = Release|Any CPU
		{768D74F6-28C7-4FB1-B9FE-03FEF9F2CD0B}.Release|Any CPU.Build.0 = Release|Any CPU
	EndGlobalSection
	GlobalSection(SolutionProperties) = preSolution
		HideSolutionNode = FALSE
	EndGlobalSection
	GlobalSection(ExtensibilityGlobals) = postSolution
		SolutionGuid = {71A18D35-3123-4004-B021-252A8D78D6C1}
	EndGlobalSection
EndGlobal
