
Microsoft Visual Studio Solution File, Format Version 12.00
# Visual Studio Version 16
VisualStudioVersion = 16.0.31129.286
MinimumVisualStudioVersion = 10.0.40219.1
Project("{FAE04EC0-301F-11D3-BF4B-00C04F79EFBC}") = "WebECartDemo", "WebECartDemo.csproj", "{91CAB3A7-AA38-44B8-98BC-AB8C41F0283B}"
EndProject
Global
	GlobalSection(SolutionConfigurationPlatforms) = preSolution
		Debug|Any CPU = Debug|Any CPU
		Release|Any CPU = Release|Any CPU
	EndGlobalSection
	GlobalSection(ProjectConfigurationPlatforms) = postSolution
		{91CAB3A7-AA38-44B8-98BC-AB8C41F0283B}.Debug|Any CPU.ActiveCfg = Debug|Any CPU
		{91CAB3A7-AA38-44B8-98BC-AB8C41F0283B}.Debug|Any CPU.Build.0 = Debug|Any CPU
		{91CAB3A7-AA38-44B8-98BC-AB8C41F0283B}.Release|Any CPU.ActiveCfg = Release|Any CPU
		{91CAB3A7-AA38-44B8-98BC-AB8C41F0283B}.Release|Any CPU.Build.0 = Release|Any CPU
	EndGlobalSection
	GlobalSection(SolutionProperties) = preSolution
		HideSolutionNode = FALSE
	EndGlobalSection
	GlobalSection(ExtensibilityGlobals) = postSolution
		SolutionGuid = {7A563593-61CA-4D62-9A49-05C2FACFD49F}
	EndGlobalSection
EndGlobal
