
Microsoft Visual Studio Solution File, Format Version 12.00
# Visual Studio Version 16
VisualStudioVersion = 16.0.31129.286
MinimumVisualStudioVersion = 10.0.40219.1
Project("{FAE04EC0-301F-11D3-BF4B-00C04F79EFBC}") = "WebAppECartDemo", "WebAppECartDemo.csproj", "{23AA763F-EA35-4AC2-838D-BAD7BE2ADFE2}"
EndProject
Global
	GlobalSection(SolutionConfigurationPlatforms) = preSolution
		Debug|Any CPU = Debug|Any CPU
		Release|Any CPU = Release|Any CPU
	EndGlobalSection
	GlobalSection(ProjectConfigurationPlatforms) = postSolution
		{23AA763F-EA35-4AC2-838D-BAD7BE2ADFE2}.Debug|Any CPU.ActiveCfg = Debug|Any CPU
		{23AA763F-EA35-4AC2-838D-BAD7BE2ADFE2}.Debug|Any CPU.Build.0 = Debug|Any CPU
		{23AA763F-EA35-4AC2-838D-BAD7BE2ADFE2}.Release|Any CPU.ActiveCfg = Release|Any CPU
		{23AA763F-EA35-4AC2-838D-BAD7BE2ADFE2}.Release|Any CPU.Build.0 = Release|Any CPU
	EndGlobalSection
	GlobalSection(SolutionProperties) = preSolution
		HideSolutionNode = FALSE
	EndGlobalSection
	GlobalSection(ExtensibilityGlobals) = postSolution
		SolutionGuid = {804C6D69-EAEE-400E-8263-5330B73269F6}
	EndGlobalSection
EndGlobal
